
Microsoft Visual Studio Solution File, Format Version 12.00
# Visual Studio Version 17
VisualStudioVersion = 17.6.33801.468
MinimumVisualStudioVersion = 10.0.40219.1
Project("{FAE04EC0-301F-11D3-BF4B-00C04F79EFBC}") = "HomeWork", "HomeWork.csproj", "{102EAEB4-D583-498B-8413-3ED712231361}"
EndProject
Global
	GlobalSection(SolutionConfigurationPlatforms) = preSolution
		Debug|Any CPU = Debug|Any CPU
		Release|Any CPU = Release|Any CPU
	EndGlobalSection
	GlobalSection(ProjectConfigurationPlatforms) = postSolution
		{102EAEB4-D583-498B-8413-3ED712231361}.Debug|Any CPU.ActiveCfg = Debug|Any CPU
		{102EAEB4-D583-498B-8413-3ED712231361}.Debug|Any CPU.Build.0 = Debug|Any CPU
		{102EAEB4-D583-498B-8413-3ED712231361}.Release|Any CPU.ActiveCfg = Release|Any CPU
		{102EAEB4-D583-498B-8413-3ED712231361}.Release|Any CPU.Build.0 = Release|Any CPU
	EndGlobalSection
	GlobalSection(SolutionProperties) = preSolution
		HideSolutionNode = FALSE
	EndGlobalSection
	GlobalSection(ExtensibilityGlobals) = postSolution
		SolutionGuid = {A64F1743-CB4C-420F-B60F-6F9101A135BC}
	EndGlobalSection
EndGlobal
